
Microsoft Visual Studio Solution File, Format Version 11.00
# Visual Studio 2010
Project("{FAE04EC0-301F-11D3-BF4B-00C04F79EFBC}") = "Assembly-CSharp", "Assembly-CSharp.csproj", "{EFA19036-7ED1-F0F2-24BA-AA950CF44062}"
EndProject
Project("{FAE04EC0-301F-11D3-BF4B-00C04F79EFBC}") = "Assembly-CSharp-Editor", "Assembly-CSharp-Editor.csproj", "{FC1ABD06-DD8E-950E-E9B3-EC72BF61FA39}"
EndProject
Global
	GlobalSection(SolutionConfigurationPlatforms) = preSolution
		Debug|Any CPU = Debug|Any CPU
		Release|Any CPU = Release|Any CPU
	EndGlobalSection
	GlobalSection(ProjectConfigurationPlatforms) = postSolution
		{EFA19036-7ED1-F0F2-24BA-AA950CF44062}.Debug|Any CPU.ActiveCfg = Debug|Any CPU
		{EFA19036-7ED1-F0F2-24BA-AA950CF44062}.Debug|Any CPU.Build.0 = Debug|Any CPU
		{EFA19036-7ED1-F0F2-24BA-AA950CF44062}.Release|Any CPU.ActiveCfg = Release|Any CPU
		{EFA19036-7ED1-F0F2-24BA-AA950CF44062}.Release|Any CPU.Build.0 = Release|Any CPU
		{FC1ABD06-DD8E-950E-E9B3-EC72BF61FA39}.Debug|Any CPU.ActiveCfg = Debug|Any CPU
		{FC1ABD06-DD8E-950E-E9B3-EC72BF61FA39}.Debug|Any CPU.Build.0 = Debug|Any CPU
		{FC1ABD06-DD8E-950E-E9B3-EC72BF61FA39}.Release|Any CPU.ActiveCfg = Release|Any CPU
		{FC1ABD06-DD8E-950E-E9B3-EC72BF61FA39}.Release|Any CPU.Build.0 = Release|Any CPU
	EndGlobalSection
	GlobalSection(SolutionProperties) = preSolution
		HideSolutionNode = FALSE
	EndGlobalSection
EndGlobal
